
Microsoft Visual Studio Solution File, Format Version 12.00
# Visual Studio Version 17
VisualStudioVersion = 17.1.32228.430
MinimumVisualStudioVersion = 10.0.40219.1
Project("{9A19103F-16F7-4668-BE54-9A1E7A4F7556}") = "PersonRegistrationASPNet.Api", "PersonRegistrationASPNet.Api\PersonRegistrationASPNet.Api.csproj", "{DD8B0793-035F-49D1-8CB4-D343CB22E217}"
EndProject
Project("{9A19103F-16F7-4668-BE54-9A1E7A4F7556}") = "PersonRegistrationASPNet.Database", "PersonRegistrationASPNet.Database\PersonRegistrationASPNet.Database.csproj", "{126D0FDC-BA9A-40E8-9CCD-6EFC6A4C5894}"
EndProject
Project("{9A19103F-16F7-4668-BE54-9A1E7A4F7556}") = "PersonRegistrationASPNet.Tests", "PersonRegistrationASPNet.Tests\PersonRegistrationASPNet.Tests.csproj", "{2E3E0EBF-1428-418F-8C55-21BB412450F7}"
	ProjectSection(ProjectDependencies) = postProject
		{DD8B0793-035F-49D1-8CB4-D343CB22E217} = {DD8B0793-035F-49D1-8CB4-D343CB22E217}
		{126D0FDC-BA9A-40E8-9CCD-6EFC6A4C5894} = {126D0FDC-BA9A-40E8-9CCD-6EFC6A4C5894}
	EndProjectSection
EndProject
Project("{FAE04EC0-301F-11D3-BF4B-00C04F79EFBC}") = "PersonRegistrationASPNet.BusinessLogic", "PersonRegistrationASPNet.BusinessLogic\PersonRegistrationASPNet.BusinessLogic.csproj", "{C0B9D6BD-02E9-40E8-A590-022231A195AF}"
EndProject
Global
	GlobalSection(SolutionConfigurationPlatforms) = preSolution
		Debug|Any CPU = Debug|Any CPU
		Release|Any CPU = Release|Any CPU
	EndGlobalSection
	GlobalSection(ProjectConfigurationPlatforms) = postSolution
		{DD8B0793-035F-49D1-8CB4-D343CB22E217}.Debug|Any CPU.ActiveCfg = Debug|Any CPU
		{DD8B0793-035F-49D1-8CB4-D343CB22E217}.Debug|Any CPU.Build.0 = Debug|Any CPU
		{DD8B0793-035F-49D1-8CB4-D343CB22E217}.Release|Any CPU.ActiveCfg = Release|Any CPU
		{DD8B0793-035F-49D1-8CB4-D343CB22E217}.Release|Any CPU.Build.0 = Release|Any CPU
		{126D0FDC-BA9A-40E8-9CCD-6EFC6A4C5894}.Debug|Any CPU.ActiveCfg = Debug|Any CPU
		{126D0FDC-BA9A-40E8-9CCD-6EFC6A4C5894}.Debug|Any CPU.Build.0 = Debug|Any CPU
		{126D0FDC-BA9A-40E8-9CCD-6EFC6A4C5894}.Release|Any CPU.ActiveCfg = Release|Any CPU
		{126D0FDC-BA9A-40E8-9CCD-6EFC6A4C5894}.Release|Any CPU.Build.0 = Release|Any CPU
		{2E3E0EBF-1428-418F-8C55-21BB412450F7}.Debug|Any CPU.ActiveCfg = Debug|Any CPU
		{2E3E0EBF-1428-418F-8C55-21BB412450F7}.Debug|Any CPU.Build.0 = Debug|Any CPU
		{2E3E0EBF-1428-418F-8C55-21BB412450F7}.Release|Any CPU.ActiveCfg = Release|Any CPU
		{2E3E0EBF-1428-418F-8C55-21BB412450F7}.Release|Any CPU.Build.0 = Release|Any CPU
		{C0B9D6BD-02E9-40E8-A590-022231A195AF}.Debug|Any CPU.ActiveCfg = Debug|Any CPU
		{C0B9D6BD-02E9-40E8-A590-022231A195AF}.Debug|Any CPU.Build.0 = Debug|Any CPU
		{C0B9D6BD-02E9-40E8-A590-022231A195AF}.Release|Any CPU.ActiveCfg = Release|Any CPU
		{C0B9D6BD-02E9-40E8-A590-022231A195AF}.Release|Any CPU.Build.0 = Release|Any CPU
	EndGlobalSection
	GlobalSection(SolutionProperties) = preSolution
		HideSolutionNode = FALSE
	EndGlobalSection
	GlobalSection(ExtensibilityGlobals) = postSolution
		SolutionGuid = {FFA9CBDF-BC89-45DF-94FF-9CB522D6F158}
	EndGlobalSection
EndGlobal
